export type EventCategory =
  | 'meeting'
  | 'call'
  | 'class'
  | 'social'
  | 'deadline'
  | 'personal'
  | 'other'

export interface CalendarEvent {
  id: string
  title: string
  date: string       // YYYY-MM-DD
  startTime: string  // HH:MM (24h)
  endTime: string    // HH:MM (24h)
  attendees: string[]
  summary: string
  category: EventCategory
  color: string
  rawInput?: string
}

export interface ParsedEventData {
  title: string
  date: string
  startTime: string
  endTime: string
  attendees: string[]
  summary: string
  category: EventCategory
  color: string
}

export type ParseStatus = 'idle' | 'loading' | 'success' | 'error'
